
Microsoft Visual Studio Solution File, Format Version 12.00
# Visual Studio Version 17
VisualStudioVersion = 17.0.31912.275
MinimumVisualStudioVersion = 10.0.40219.1
Project("{9A19103F-16F7-4668-BE54-9A1E7A4F7556}") = "Advent-Of-Code-2021-1-1", "Advent-Of-Code-2021-1-1\Advent-Of-Code-2021-1-1.csproj", "{336FB3FD-BBFC-46AB-AD4D-80D9378251FE}"
EndProject
Project("{9A19103F-16F7-4668-BE54-9A1E7A4F7556}") = "Advent-Of-Code-2021-1-2", "Advent-Of-Code-2021-1-2\Advent-Of-Code-2021-1-2.csproj", "{7914995C-B181-4AE8-8B70-AC77C6D241AD}"
EndProject
Project("{9A19103F-16F7-4668-BE54-9A1E7A4F7556}") = "Advent-Of-Code-2021-2-1", "Advent-Of-Code-2021-2-1\Advent-Of-Code-2021-2-1.csproj", "{1DFBAA4E-0C70-4B18-9E86-2F7F018B849C}"
EndProject
Project("{9A19103F-16F7-4668-BE54-9A1E7A4F7556}") = "Advent-Of-Code-2021-2-2", "Advent-Of-Code-2021-2-2\Advent-Of-Code-2021-2-2.csproj", "{99DD0593-7FCA-48BA-A77E-0E514DBB54B0}"
EndProject
Project("{9A19103F-16F7-4668-BE54-9A1E7A4F7556}") = "Advent-Of-Code-2021-3-1", "Advent-Of-Code-2021-3-1\Advent-Of-Code-2021-3-1.csproj", "{F7781634-E725-479F-9A28-D00E630D6BE5}"
EndProject
Project("{9A19103F-16F7-4668-BE54-9A1E7A4F7556}") = "Advent-Of-Code-2021-3-2", "Advent-Of-Code-2021-3-2\Advent-Of-Code-2021-3-2.csproj", "{8698F87E-7D4F-441A-B0EE-2677FB1C08CB}"
EndProject
Project("{9A19103F-16F7-4668-BE54-9A1E7A4F7556}") = "Advent-Of-Code-2021-4-1", "Advent-Of-Code-2021-4-1\Advent-Of-Code-2021-4-1.csproj", "{844B2F26-1BF2-4B02-9908-9FA9DCC6BBA1}"
EndProject
Project("{FAE04EC0-301F-11D3-BF4B-00C04F79EFBC}") = "Advent-Of-Code-2021-4-2", "Advent-Of-Code-2021-4-2\Advent-Of-Code-2021-4-2.csproj", "{9382A9CC-65B0-41F9-9CF2-D86688BAD60C}"
EndProject
Global
	GlobalSection(SolutionConfigurationPlatforms) = preSolution
		Debug|Any CPU = Debug|Any CPU
		Release|Any CPU = Release|Any CPU
	EndGlobalSection
	GlobalSection(ProjectConfigurationPlatforms) = postSolution
		{336FB3FD-BBFC-46AB-AD4D-80D9378251FE}.Debug|Any CPU.ActiveCfg = Debug|Any CPU
		{336FB3FD-BBFC-46AB-AD4D-80D9378251FE}.Debug|Any CPU.Build.0 = Debug|Any CPU
		{336FB3FD-BBFC-46AB-AD4D-80D9378251FE}.Release|Any CPU.ActiveCfg = Release|Any CPU
		{336FB3FD-BBFC-46AB-AD4D-80D9378251FE}.Release|Any CPU.Build.0 = Release|Any CPU
		{7914995C-B181-4AE8-8B70-AC77C6D241AD}.Debug|Any CPU.ActiveCfg = Debug|Any CPU
		{7914995C-B181-4AE8-8B70-AC77C6D241AD}.Debug|Any CPU.Build.0 = Debug|Any CPU
		{7914995C-B181-4AE8-8B70-AC77C6D241AD}.Release|Any CPU.ActiveCfg = Release|Any CPU
		{7914995C-B181-4AE8-8B70-AC77C6D241AD}.Release|Any CPU.Build.0 = Release|Any CPU
		{1DFBAA4E-0C70-4B18-9E86-2F7F018B849C}.Debug|Any CPU.ActiveCfg = Debug|Any CPU
		{1DFBAA4E-0C70-4B18-9E86-2F7F018B849C}.Debug|Any CPU.Build.0 = Debug|Any CPU
		{1DFBAA4E-0C70-4B18-9E86-2F7F018B849C}.Release|Any CPU.ActiveCfg = Release|Any CPU
		{1DFBAA4E-0C70-4B18-9E86-2F7F018B849C}.Release|Any CPU.Build.0 = Release|Any CPU
		{99DD0593-7FCA-48BA-A77E-0E514DBB54B0}.Debug|Any CPU.ActiveCfg = Debug|Any CPU
		{99DD0593-7FCA-48BA-A77E-0E514DBB54B0}.Debug|Any CPU.Build.0 = Debug|Any CPU
		{99DD0593-7FCA-48BA-A77E-0E514DBB54B0}.Release|Any CPU.ActiveCfg = Release|Any CPU
		{99DD0593-7FCA-48BA-A77E-0E514DBB54B0}.Release|Any CPU.Build.0 = Release|Any CPU
		{F7781634-E725-479F-9A28-D00E630D6BE5}.Debug|Any CPU.ActiveCfg = Debug|Any CPU
		{F7781634-E725-479F-9A28-D00E630D6BE5}.Debug|Any CPU.Build.0 = Debug|Any CPU
		{F7781634-E725-479F-9A28-D00E630D6BE5}.Release|Any CPU.ActiveCfg = Release|Any CPU
		{F7781634-E725-479F-9A28-D00E630D6BE5}.Release|Any CPU.Build.0 = Release|Any CPU
		{8698F87E-7D4F-441A-B0EE-2677FB1C08CB}.Debug|Any CPU.ActiveCfg = Debug|Any CPU
		{8698F87E-7D4F-441A-B0EE-2677FB1C08CB}.Debug|Any CPU.Build.0 = Debug|Any CPU
		{8698F87E-7D4F-441A-B0EE-2677FB1C08CB}.Release|Any CPU.ActiveCfg = Release|Any CPU
		{8698F87E-7D4F-441A-B0EE-2677FB1C08CB}.Release|Any CPU.Build.0 = Release|Any CPU
		{844B2F26-1BF2-4B02-9908-9FA9DCC6BBA1}.Debug|Any CPU.ActiveCfg = Debug|Any CPU
		{844B2F26-1BF2-4B02-9908-9FA9DCC6BBA1}.Debug|Any CPU.Build.0 = Debug|Any CPU
		{844B2F26-1BF2-4B02-9908-9FA9DCC6BBA1}.Release|Any CPU.ActiveCfg = Release|Any CPU
		{844B2F26-1BF2-4B02-9908-9FA9DCC6BBA1}.Release|Any CPU.Build.0 = Release|Any CPU
		{9382A9CC-65B0-41F9-9CF2-D86688BAD60C}.Debug|Any CPU.ActiveCfg = Debug|Any CPU
		{9382A9CC-65B0-41F9-9CF2-D86688BAD60C}.Debug|Any CPU.Build.0 = Debug|Any CPU
		{9382A9CC-65B0-41F9-9CF2-D86688BAD60C}.Release|Any CPU.ActiveCfg = Release|Any CPU
		{9382A9CC-65B0-41F9-9CF2-D86688BAD60C}.Release|Any CPU.Build.0 = Release|Any CPU
	EndGlobalSection
	GlobalSection(SolutionProperties) = preSolution
		HideSolutionNode = FALSE
	EndGlobalSection
	GlobalSection(ExtensibilityGlobals) = postSolution
		SolutionGuid = {9FCC9AB4-D2C8-400E-BD2C-EE66826EBB82}
	EndGlobalSection
EndGlobal
