
Microsoft Visual Studio Solution File, Format Version 12.00
# Visual Studio Version 17
VisualStudioVersion = 17.0.31912.275
MinimumVisualStudioVersion = 10.0.40219.1
Project("{9A19103F-16F7-4668-BE54-9A1E7A4F7556}") = "Testing-2021", "Testing-2021\Testing-2021.csproj", "{22B314DE-C0D8-4EE3-8E15-17C773238D22}"
EndProject
Project("{9A19103F-16F7-4668-BE54-9A1E7A4F7556}") = "Advent-Of-Code-2021-12", "Advent-Of-Code-2021-12\Advent-Of-Code-2021-12.csproj", "{6A8EBD0D-CBD0-4FFD-9A98-6B7CBB2BBDFB}"
EndProject
Project("{9A19103F-16F7-4668-BE54-9A1E7A4F7556}") = "Advent-Of-Code-2021-11", "Advent-Of-Code-2021-11\Advent-Of-Code-2021-11.csproj", "{F506F7AE-20F7-4F59-9C49-A4805A21BE29}"
EndProject
Project("{9A19103F-16F7-4668-BE54-9A1E7A4F7556}") = "Advent-Of-Code-2021-10", "Advent-Of-Code-2021-10\Advent-Of-Code-2021-10.csproj", "{EB5EE1B8-3589-430D-8929-1D336FE3F3FF}"
EndProject
Project("{9A19103F-16F7-4668-BE54-9A1E7A4F7556}") = "Advent-Of-Code-2021-09", "Advent-Of-Code-2021-09\Advent-Of-Code-2021-09.csproj", "{ECD9FD84-E5BE-4529-8298-0E690365FC6A}"
EndProject
Project("{9A19103F-16F7-4668-BE54-9A1E7A4F7556}") = "Advent-Of-Code-2021-08", "Advent-Of-Code-2021-08\Advent-Of-Code-2021-08.csproj", "{71D1E123-2B30-48D4-8B7A-E8446EF08D39}"
EndProject
Project("{9A19103F-16F7-4668-BE54-9A1E7A4F7556}") = "Advent-Of-Code-2021-07", "Advent-Of-Code-2021-07\Advent-Of-Code-2021-07.csproj", "{1A29DE1E-6E46-4998-A392-3288C8CF9DEA}"
EndProject
Project("{9A19103F-16F7-4668-BE54-9A1E7A4F7556}") = "Advent-Of-Code-2021-06", "Advent-Of-Code-2021-06\Advent-Of-Code-2021-06.csproj", "{B9AADDDF-3E2C-4398-BF0E-56B274BF8BCD}"
EndProject
Project("{9A19103F-16F7-4668-BE54-9A1E7A4F7556}") = "Advent-Of-Code-2021-05", "Advent-Of-Code-2021-05\Advent-Of-Code-2021-05.csproj", "{DCD72356-B1D9-4365-A267-6B82D3A12E94}"
EndProject
Project("{9A19103F-16F7-4668-BE54-9A1E7A4F7556}") = "Advent-Of-Code-2021-04", "Advent-Of-Code-2021-04\Advent-Of-Code-2021-04.csproj", "{045990B8-DBFF-4EBD-B702-F2CB7511C716}"
EndProject
Project("{9A19103F-16F7-4668-BE54-9A1E7A4F7556}") = "Advent-Of-Code-2021-03", "Advent-Of-Code-2021-03\Advent-Of-Code-2021-03.csproj", "{69B5256A-3492-4887-AD4C-D97523AB69E3}"
EndProject
Project("{9A19103F-16F7-4668-BE54-9A1E7A4F7556}") = "Advent-Of-Code-2021-02", "Advent-Of-Code-2021-02\Advent-Of-Code-2021-02.csproj", "{64559CD0-0351-4017-AEB5-C601F12101F2}"
EndProject
Project("{9A19103F-16F7-4668-BE54-9A1E7A4F7556}") = "Advent-Of-Code-2021-01", "Advent-Of-Code-2021-01\Advent-Of-Code-2021-01.csproj", "{C45E4A49-67E1-4FC6-815F-A8ACF8DEB6DA}"
EndProject
Project("{9A19103F-16F7-4668-BE54-9A1E7A4F7556}") = "Advent-Of-Code-2021", "Advent-Of-Code-2021\Advent-Of-Code-2021.csproj", "{6DD0271E-7471-4190-8C06-2B4FE51E44B9}"
EndProject
Project("{9A19103F-16F7-4668-BE54-9A1E7A4F7556}") = "Advent-Of-Code-2021-13", "Advent-Of-Code-2021-13\Advent-Of-Code-2021-13.csproj", "{A63F6D01-8F61-43C9-BD39-97ACA551E06D}"
EndProject
Project("{9A19103F-16F7-4668-BE54-9A1E7A4F7556}") = "Advent-Of-Code-2021-14", "Advent-Of-Code-2021-14\Advent-Of-Code-2021-14.csproj", "{4A99AEBB-A623-435E-8ACB-2089293C8122}"
EndProject
Project("{9A19103F-16F7-4668-BE54-9A1E7A4F7556}") = "Advent-Of-Code-2021-15", "Advent-Of-Code-2021-15\Advent-Of-Code-2021-15.csproj", "{51AFA427-100A-498B-A39C-9528BE104DD6}"
EndProject
Project("{FAE04EC0-301F-11D3-BF4B-00C04F79EFBC}") = "Advent-Of-Code-2021-16", "Advent-Of-Code-2021-16\Advent-Of-Code-2021-16.csproj", "{5F1D9A3A-097B-4F76-B077-610219D5D262}"
EndProject
Global
	GlobalSection(SolutionConfigurationPlatforms) = preSolution
		Debug|Any CPU = Debug|Any CPU
		Release|Any CPU = Release|Any CPU
	EndGlobalSection
	GlobalSection(ProjectConfigurationPlatforms) = postSolution
		{22B314DE-C0D8-4EE3-8E15-17C773238D22}.Debug|Any CPU.ActiveCfg = Debug|Any CPU
		{22B314DE-C0D8-4EE3-8E15-17C773238D22}.Debug|Any CPU.Build.0 = Debug|Any CPU
		{22B314DE-C0D8-4EE3-8E15-17C773238D22}.Release|Any CPU.ActiveCfg = Release|Any CPU
		{22B314DE-C0D8-4EE3-8E15-17C773238D22}.Release|Any CPU.Build.0 = Release|Any CPU
		{6A8EBD0D-CBD0-4FFD-9A98-6B7CBB2BBDFB}.Debug|Any CPU.ActiveCfg = Debug|Any CPU
		{6A8EBD0D-CBD0-4FFD-9A98-6B7CBB2BBDFB}.Debug|Any CPU.Build.0 = Debug|Any CPU
		{6A8EBD0D-CBD0-4FFD-9A98-6B7CBB2BBDFB}.Release|Any CPU.ActiveCfg = Release|Any CPU
		{6A8EBD0D-CBD0-4FFD-9A98-6B7CBB2BBDFB}.Release|Any CPU.Build.0 = Release|Any CPU
		{F506F7AE-20F7-4F59-9C49-A4805A21BE29}.Debug|Any CPU.ActiveCfg = Debug|Any CPU
		{F506F7AE-20F7-4F59-9C49-A4805A21BE29}.Debug|Any CPU.Build.0 = Debug|Any CPU
		{F506F7AE-20F7-4F59-9C49-A4805A21BE29}.Release|Any CPU.ActiveCfg = Release|Any CPU
		{F506F7AE-20F7-4F59-9C49-A4805A21BE29}.Release|Any CPU.Build.0 = Release|Any CPU
		{EB5EE1B8-3589-430D-8929-1D336FE3F3FF}.Debug|Any CPU.ActiveCfg = Debug|Any CPU
		{EB5EE1B8-3589-430D-8929-1D336FE3F3FF}.Debug|Any CPU.Build.0 = Debug|Any CPU
		{EB5EE1B8-3589-430D-8929-1D336FE3F3FF}.Release|Any CPU.ActiveCfg = Release|Any CPU
		{EB5EE1B8-3589-430D-8929-1D336FE3F3FF}.Release|Any CPU.Build.0 = Release|Any CPU
		{ECD9FD84-E5BE-4529-8298-0E690365FC6A}.Debug|Any CPU.ActiveCfg = Debug|Any CPU
		{ECD9FD84-E5BE-4529-8298-0E690365FC6A}.Debug|Any CPU.Build.0 = Debug|Any CPU
		{ECD9FD84-E5BE-4529-8298-0E690365FC6A}.Release|Any CPU.ActiveCfg = Release|Any CPU
		{ECD9FD84-E5BE-4529-8298-0E690365FC6A}.Release|Any CPU.Build.0 = Release|Any CPU
		{71D1E123-2B30-48D4-8B7A-E8446EF08D39}.Debug|Any CPU.ActiveCfg = Debug|Any CPU
		{71D1E123-2B30-48D4-8B7A-E8446EF08D39}.Debug|Any CPU.Build.0 = Debug|Any CPU
		{71D1E123-2B30-48D4-8B7A-E8446EF08D39}.Release|Any CPU.ActiveCfg = Release|Any CPU
		{71D1E123-2B30-48D4-8B7A-E8446EF08D39}.Release|Any CPU.Build.0 = Release|Any CPU
		{1A29DE1E-6E46-4998-A392-3288C8CF9DEA}.Debug|Any CPU.ActiveCfg = Debug|Any CPU
		{1A29DE1E-6E46-4998-A392-3288C8CF9DEA}.Debug|Any CPU.Build.0 = Debug|Any CPU
		{1A29DE1E-6E46-4998-A392-3288C8CF9DEA}.Release|Any CPU.ActiveCfg = Release|Any CPU
		{1A29DE1E-6E46-4998-A392-3288C8CF9DEA}.Release|Any CPU.Build.0 = Release|Any CPU
		{B9AADDDF-3E2C-4398-BF0E-56B274BF8BCD}.Debug|Any CPU.ActiveCfg = Debug|Any CPU
		{B9AADDDF-3E2C-4398-BF0E-56B274BF8BCD}.Debug|Any CPU.Build.0 = Debug|Any CPU
		{B9AADDDF-3E2C-4398-BF0E-56B274BF8BCD}.Release|Any CPU.ActiveCfg = Release|Any CPU
		{B9AADDDF-3E2C-4398-BF0E-56B274BF8BCD}.Release|Any CPU.Build.0 = Release|Any CPU
		{DCD72356-B1D9-4365-A267-6B82D3A12E94}.Debug|Any CPU.ActiveCfg = Debug|Any CPU
		{DCD72356-B1D9-4365-A267-6B82D3A12E94}.Debug|Any CPU.Build.0 = Debug|Any CPU
		{DCD72356-B1D9-4365-A267-6B82D3A12E94}.Release|Any CPU.ActiveCfg = Release|Any CPU
		{DCD72356-B1D9-4365-A267-6B82D3A12E94}.Release|Any CPU.Build.0 = Release|Any CPU
		{045990B8-DBFF-4EBD-B702-F2CB7511C716}.Debug|Any CPU.ActiveCfg = Debug|Any CPU
		{045990B8-DBFF-4EBD-B702-F2CB7511C716}.Debug|Any CPU.Build.0 = Debug|Any CPU
		{045990B8-DBFF-4EBD-B702-F2CB7511C716}.Release|Any CPU.ActiveCfg = Release|Any CPU
		{045990B8-DBFF-4EBD-B702-F2CB7511C716}.Release|Any CPU.Build.0 = Release|Any CPU
		{69B5256A-3492-4887-AD4C-D97523AB69E3}.Debug|Any CPU.ActiveCfg = Debug|Any CPU
		{69B5256A-3492-4887-AD4C-D97523AB69E3}.Debug|Any CPU.Build.0 = Debug|Any CPU
		{69B5256A-3492-4887-AD4C-D97523AB69E3}.Release|Any CPU.ActiveCfg = Release|Any CPU
		{69B5256A-3492-4887-AD4C-D97523AB69E3}.Release|Any CPU.Build.0 = Release|Any CPU
		{64559CD0-0351-4017-AEB5-C601F12101F2}.Debug|Any CPU.ActiveCfg = Debug|Any CPU
		{64559CD0-0351-4017-AEB5-C601F12101F2}.Debug|Any CPU.Build.0 = Debug|Any CPU
		{64559CD0-0351-4017-AEB5-C601F12101F2}.Release|Any CPU.ActiveCfg = Release|Any CPU
		{64559CD0-0351-4017-AEB5-C601F12101F2}.Release|Any CPU.Build.0 = Release|Any CPU
		{C45E4A49-67E1-4FC6-815F-A8ACF8DEB6DA}.Debug|Any CPU.ActiveCfg = Debug|Any CPU
		{C45E4A49-67E1-4FC6-815F-A8ACF8DEB6DA}.Debug|Any CPU.Build.0 = Debug|Any CPU
		{C45E4A49-67E1-4FC6-815F-A8ACF8DEB6DA}.Release|Any CPU.ActiveCfg = Release|Any CPU
		{C45E4A49-67E1-4FC6-815F-A8ACF8DEB6DA}.Release|Any CPU.Build.0 = Release|Any CPU
		{6DD0271E-7471-4190-8C06-2B4FE51E44B9}.Debug|Any CPU.ActiveCfg = Debug|Any CPU
		{6DD0271E-7471-4190-8C06-2B4FE51E44B9}.Debug|Any CPU.Build.0 = Debug|Any CPU
		{6DD0271E-7471-4190-8C06-2B4FE51E44B9}.Release|Any CPU.ActiveCfg = Release|Any CPU
		{6DD0271E-7471-4190-8C06-2B4FE51E44B9}.Release|Any CPU.Build.0 = Release|Any CPU
		{A63F6D01-8F61-43C9-BD39-97ACA551E06D}.Debug|Any CPU.ActiveCfg = Debug|Any CPU
		{A63F6D01-8F61-43C9-BD39-97ACA551E06D}.Debug|Any CPU.Build.0 = Debug|Any CPU
		{A63F6D01-8F61-43C9-BD39-97ACA551E06D}.Release|Any CPU.ActiveCfg = Release|Any CPU
		{A63F6D01-8F61-43C9-BD39-97ACA551E06D}.Release|Any CPU.Build.0 = Release|Any CPU
		{4A99AEBB-A623-435E-8ACB-2089293C8122}.Debug|Any CPU.ActiveCfg = Debug|Any CPU
		{4A99AEBB-A623-435E-8ACB-2089293C8122}.Debug|Any CPU.Build.0 = Debug|Any CPU
		{4A99AEBB-A623-435E-8ACB-2089293C8122}.Release|Any CPU.ActiveCfg = Release|Any CPU
		{4A99AEBB-A623-435E-8ACB-2089293C8122}.Release|Any CPU.Build.0 = Release|Any CPU
		{51AFA427-100A-498B-A39C-9528BE104DD6}.Debug|Any CPU.ActiveCfg = Debug|Any CPU
		{51AFA427-100A-498B-A39C-9528BE104DD6}.Debug|Any CPU.Build.0 = Debug|Any CPU
		{51AFA427-100A-498B-A39C-9528BE104DD6}.Release|Any CPU.ActiveCfg = Release|Any CPU
		{51AFA427-100A-498B-A39C-9528BE104DD6}.Release|Any CPU.Build.0 = Release|Any CPU
		{5F1D9A3A-097B-4F76-B077-610219D5D262}.Debug|Any CPU.ActiveCfg = Debug|Any CPU
		{5F1D9A3A-097B-4F76-B077-610219D5D262}.Debug|Any CPU.Build.0 = Debug|Any CPU
		{5F1D9A3A-097B-4F76-B077-610219D5D262}.Release|Any CPU.ActiveCfg = Release|Any CPU
		{5F1D9A3A-097B-4F76-B077-610219D5D262}.Release|Any CPU.Build.0 = Release|Any CPU
	EndGlobalSection
	GlobalSection(SolutionProperties) = preSolution
		HideSolutionNode = FALSE
	EndGlobalSection
	GlobalSection(ExtensibilityGlobals) = postSolution
		SolutionGuid = {9FCC9AB4-D2C8-400E-BD2C-EE66826EBB82}
	EndGlobalSection
EndGlobal
