
Microsoft Visual Studio Solution File, Format Version 12.00
# Visual Studio Version 17
VisualStudioVersion = 17.0.31912.275
MinimumVisualStudioVersion = 10.0.40219.1
Project("{9A19103F-16F7-4668-BE54-9A1E7A4F7556}") = "Advent-Of-Code-2021-1-1", "Advent-Of-Code-2021-1-1\Advent-Of-Code-2021-1-1.csproj", "{336FB3FD-BBFC-46AB-AD4D-80D9378251FE}"
EndProject
Project("{9A19103F-16F7-4668-BE54-9A1E7A4F7556}") = "Advent-Of-Code-2021-1-2", "Advent-Of-Code-2021-1-2\Advent-Of-Code-2021-1-2.csproj", "{7914995C-B181-4AE8-8B70-AC77C6D241AD}"
EndProject
Project("{9A19103F-16F7-4668-BE54-9A1E7A4F7556}") = "Advent-Of-Code-2021-2-1", "Advent-Of-Code-2021-2-1\Advent-Of-Code-2021-2-1.csproj", "{1DFBAA4E-0C70-4B18-9E86-2F7F018B849C}"
EndProject
Project("{9A19103F-16F7-4668-BE54-9A1E7A4F7556}") = "Advent-Of-Code-2021-2-2", "Advent-Of-Code-2021-2-2\Advent-Of-Code-2021-2-2.csproj", "{99DD0593-7FCA-48BA-A77E-0E514DBB54B0}"
EndProject
Project("{9A19103F-16F7-4668-BE54-9A1E7A4F7556}") = "Advent-Of-Code-2021-3-1", "Advent-Of-Code-2021-3-1\Advent-Of-Code-2021-3-1.csproj", "{F7781634-E725-479F-9A28-D00E630D6BE5}"
EndProject
Project("{9A19103F-16F7-4668-BE54-9A1E7A4F7556}") = "Advent-Of-Code-2021-3-2", "Advent-Of-Code-2021-3-2\Advent-Of-Code-2021-3-2.csproj", "{8698F87E-7D4F-441A-B0EE-2677FB1C08CB}"
EndProject
Project("{9A19103F-16F7-4668-BE54-9A1E7A4F7556}") = "Advent-Of-Code-2021-4-1", "Advent-Of-Code-2021-4-1\Advent-Of-Code-2021-4-1.csproj", "{844B2F26-1BF2-4B02-9908-9FA9DCC6BBA1}"
EndProject
Project("{9A19103F-16F7-4668-BE54-9A1E7A4F7556}") = "Advent-Of-Code-2021-4-2", "Advent-Of-Code-2021-4-2\Advent-Of-Code-2021-4-2.csproj", "{9382A9CC-65B0-41F9-9CF2-D86688BAD60C}"
EndProject
Project("{9A19103F-16F7-4668-BE54-9A1E7A4F7556}") = "Advent-Of-Code-2021-5-1", "Advent-Of-Code-2021-5-1\Advent-Of-Code-2021-5-1.csproj", "{926D4C2B-A3C9-42B6-B84B-D6BEA546F2BA}"
EndProject
Project("{9A19103F-16F7-4668-BE54-9A1E7A4F7556}") = "Advent-Of-Code-2021-5-2", "Advent-Of-Code-2021-5-2\Advent-Of-Code-2021-5-2.csproj", "{315FF168-F29F-4ED0-BF0F-9C1DFB184A2B}"
EndProject
Project("{9A19103F-16F7-4668-BE54-9A1E7A4F7556}") = "Advent-Of-Code-2021-6-1", "Advent-Of-Code-2021-6-1\Advent-Of-Code-2021-6-1.csproj", "{1A118EE3-8716-436E-B274-70BB0744D776}"
EndProject
Project("{9A19103F-16F7-4668-BE54-9A1E7A4F7556}") = "Advent-Of-Code-2021-6-2", "Advent-Of-Code-2021-6-2\Advent-Of-Code-2021-6-2.csproj", "{A8694831-C14E-4400-A218-849EF075E520}"
EndProject
Project("{9A19103F-16F7-4668-BE54-9A1E7A4F7556}") = "Advent-Of-Code-2021-7-1", "Advent-Of-Code-2021-7-1\Advent-Of-Code-2021-7-1.csproj", "{B26B19E2-2318-4F67-AD51-2F8EFF278A6A}"
EndProject
Project("{9A19103F-16F7-4668-BE54-9A1E7A4F7556}") = "Advent-Of-Code-2021-7-2", "Advent-Of-Code-2021-7-2\Advent-Of-Code-2021-7-2.csproj", "{5F10F0EC-CFE6-4ED7-A021-753F3AD08813}"
EndProject
Project("{9A19103F-16F7-4668-BE54-9A1E7A4F7556}") = "Advent-Of-Code-2021-8-1", "Advent-Of-Code-2021-8-1\Advent-Of-Code-2021-8-1.csproj", "{8A8AD623-A13B-4E9A-AA9D-0FE7C971A85E}"
EndProject
Project("{9A19103F-16F7-4668-BE54-9A1E7A4F7556}") = "Advent-Of-Code-2021-8-2", "Advent-Of-Code-2021-8-2\Advent-Of-Code-2021-8-2.csproj", "{1D5159AC-6A9D-4A95-A63C-A81E8669519F}"
EndProject
Project("{9A19103F-16F7-4668-BE54-9A1E7A4F7556}") = "Advent-Of-Code-2021-9-1", "Advent-Of-Code-2021-9-1\Advent-Of-Code-2021-9-1.csproj", "{7D5FE348-ABF0-498E-A24A-B5EA23DB1B9A}"
EndProject
Project("{9A19103F-16F7-4668-BE54-9A1E7A4F7556}") = "Advent-Of-Code-2021-9-2", "Advent-Of-Code-2021-9-2\Advent-Of-Code-2021-9-2.csproj", "{337EAEE4-7000-4DD7-B225-AB28C1508A9C}"
EndProject
Project("{9A19103F-16F7-4668-BE54-9A1E7A4F7556}") = "Advent-Of-Code-2021-10-1", "Advent-Of-Code-2021-10-1\Advent-Of-Code-2021-10-1.csproj", "{4D887B0F-815B-465F-A22D-2F4638412823}"
EndProject
Project("{9A19103F-16F7-4668-BE54-9A1E7A4F7556}") = "Advent-Of-Code-2021-10-2", "Advent-Of-Code-2021-10-2\Advent-Of-Code-2021-10-2.csproj", "{DAE4856D-255F-4ECF-BAD5-5835B0DE8DA6}"
EndProject
Project("{FAE04EC0-301F-11D3-BF4B-00C04F79EFBC}") = "Advent-Of-Code-2021-11-1", "Advent-Of-Code-2021-11-1\Advent-Of-Code-2021-11-1.csproj", "{5C398022-660F-42A9-8A1B-DF9124068144}"
EndProject
Project("{FAE04EC0-301F-11D3-BF4B-00C04F79EFBC}") = "Advent-Of-Code-2021-11-2", "Advent-Of-Code-2021-11-2\Advent-Of-Code-2021-11-2.csproj", "{AE05FF29-D0A9-441E-A173-AB7A32EB7D38}"
EndProject
Global
	GlobalSection(SolutionConfigurationPlatforms) = preSolution
		Debug|Any CPU = Debug|Any CPU
		Release|Any CPU = Release|Any CPU
	EndGlobalSection
	GlobalSection(ProjectConfigurationPlatforms) = postSolution
		{336FB3FD-BBFC-46AB-AD4D-80D9378251FE}.Debug|Any CPU.ActiveCfg = Debug|Any CPU
		{336FB3FD-BBFC-46AB-AD4D-80D9378251FE}.Debug|Any CPU.Build.0 = Debug|Any CPU
		{336FB3FD-BBFC-46AB-AD4D-80D9378251FE}.Release|Any CPU.ActiveCfg = Release|Any CPU
		{336FB3FD-BBFC-46AB-AD4D-80D9378251FE}.Release|Any CPU.Build.0 = Release|Any CPU
		{7914995C-B181-4AE8-8B70-AC77C6D241AD}.Debug|Any CPU.ActiveCfg = Debug|Any CPU
		{7914995C-B181-4AE8-8B70-AC77C6D241AD}.Debug|Any CPU.Build.0 = Debug|Any CPU
		{7914995C-B181-4AE8-8B70-AC77C6D241AD}.Release|Any CPU.ActiveCfg = Release|Any CPU
		{7914995C-B181-4AE8-8B70-AC77C6D241AD}.Release|Any CPU.Build.0 = Release|Any CPU
		{1DFBAA4E-0C70-4B18-9E86-2F7F018B849C}.Debug|Any CPU.ActiveCfg = Debug|Any CPU
		{1DFBAA4E-0C70-4B18-9E86-2F7F018B849C}.Debug|Any CPU.Build.0 = Debug|Any CPU
		{1DFBAA4E-0C70-4B18-9E86-2F7F018B849C}.Release|Any CPU.ActiveCfg = Release|Any CPU
		{1DFBAA4E-0C70-4B18-9E86-2F7F018B849C}.Release|Any CPU.Build.0 = Release|Any CPU
		{99DD0593-7FCA-48BA-A77E-0E514DBB54B0}.Debug|Any CPU.ActiveCfg = Debug|Any CPU
		{99DD0593-7FCA-48BA-A77E-0E514DBB54B0}.Debug|Any CPU.Build.0 = Debug|Any CPU
		{99DD0593-7FCA-48BA-A77E-0E514DBB54B0}.Release|Any CPU.ActiveCfg = Release|Any CPU
		{99DD0593-7FCA-48BA-A77E-0E514DBB54B0}.Release|Any CPU.Build.0 = Release|Any CPU
		{F7781634-E725-479F-9A28-D00E630D6BE5}.Debug|Any CPU.ActiveCfg = Debug|Any CPU
		{F7781634-E725-479F-9A28-D00E630D6BE5}.Debug|Any CPU.Build.0 = Debug|Any CPU
		{F7781634-E725-479F-9A28-D00E630D6BE5}.Release|Any CPU.ActiveCfg = Release|Any CPU
		{F7781634-E725-479F-9A28-D00E630D6BE5}.Release|Any CPU.Build.0 = Release|Any CPU
		{8698F87E-7D4F-441A-B0EE-2677FB1C08CB}.Debug|Any CPU.ActiveCfg = Debug|Any CPU
		{8698F87E-7D4F-441A-B0EE-2677FB1C08CB}.Debug|Any CPU.Build.0 = Debug|Any CPU
		{8698F87E-7D4F-441A-B0EE-2677FB1C08CB}.Release|Any CPU.ActiveCfg = Release|Any CPU
		{8698F87E-7D4F-441A-B0EE-2677FB1C08CB}.Release|Any CPU.Build.0 = Release|Any CPU
		{844B2F26-1BF2-4B02-9908-9FA9DCC6BBA1}.Debug|Any CPU.ActiveCfg = Debug|Any CPU
		{844B2F26-1BF2-4B02-9908-9FA9DCC6BBA1}.Debug|Any CPU.Build.0 = Debug|Any CPU
		{844B2F26-1BF2-4B02-9908-9FA9DCC6BBA1}.Release|Any CPU.ActiveCfg = Release|Any CPU
		{844B2F26-1BF2-4B02-9908-9FA9DCC6BBA1}.Release|Any CPU.Build.0 = Release|Any CPU
		{9382A9CC-65B0-41F9-9CF2-D86688BAD60C}.Debug|Any CPU.ActiveCfg = Debug|Any CPU
		{9382A9CC-65B0-41F9-9CF2-D86688BAD60C}.Debug|Any CPU.Build.0 = Debug|Any CPU
		{9382A9CC-65B0-41F9-9CF2-D86688BAD60C}.Release|Any CPU.ActiveCfg = Release|Any CPU
		{9382A9CC-65B0-41F9-9CF2-D86688BAD60C}.Release|Any CPU.Build.0 = Release|Any CPU
		{926D4C2B-A3C9-42B6-B84B-D6BEA546F2BA}.Debug|Any CPU.ActiveCfg = Debug|Any CPU
		{926D4C2B-A3C9-42B6-B84B-D6BEA546F2BA}.Debug|Any CPU.Build.0 = Debug|Any CPU
		{926D4C2B-A3C9-42B6-B84B-D6BEA546F2BA}.Release|Any CPU.ActiveCfg = Release|Any CPU
		{926D4C2B-A3C9-42B6-B84B-D6BEA546F2BA}.Release|Any CPU.Build.0 = Release|Any CPU
		{315FF168-F29F-4ED0-BF0F-9C1DFB184A2B}.Debug|Any CPU.ActiveCfg = Debug|Any CPU
		{315FF168-F29F-4ED0-BF0F-9C1DFB184A2B}.Debug|Any CPU.Build.0 = Debug|Any CPU
		{315FF168-F29F-4ED0-BF0F-9C1DFB184A2B}.Release|Any CPU.ActiveCfg = Release|Any CPU
		{315FF168-F29F-4ED0-BF0F-9C1DFB184A2B}.Release|Any CPU.Build.0 = Release|Any CPU
		{1A118EE3-8716-436E-B274-70BB0744D776}.Debug|Any CPU.ActiveCfg = Debug|Any CPU
		{1A118EE3-8716-436E-B274-70BB0744D776}.Debug|Any CPU.Build.0 = Debug|Any CPU
		{1A118EE3-8716-436E-B274-70BB0744D776}.Release|Any CPU.ActiveCfg = Release|Any CPU
		{1A118EE3-8716-436E-B274-70BB0744D776}.Release|Any CPU.Build.0 = Release|Any CPU
		{A8694831-C14E-4400-A218-849EF075E520}.Debug|Any CPU.ActiveCfg = Debug|Any CPU
		{A8694831-C14E-4400-A218-849EF075E520}.Debug|Any CPU.Build.0 = Debug|Any CPU
		{A8694831-C14E-4400-A218-849EF075E520}.Release|Any CPU.ActiveCfg = Release|Any CPU
		{A8694831-C14E-4400-A218-849EF075E520}.Release|Any CPU.Build.0 = Release|Any CPU
		{B26B19E2-2318-4F67-AD51-2F8EFF278A6A}.Debug|Any CPU.ActiveCfg = Debug|Any CPU
		{B26B19E2-2318-4F67-AD51-2F8EFF278A6A}.Debug|Any CPU.Build.0 = Debug|Any CPU
		{B26B19E2-2318-4F67-AD51-2F8EFF278A6A}.Release|Any CPU.ActiveCfg = Release|Any CPU
		{B26B19E2-2318-4F67-AD51-2F8EFF278A6A}.Release|Any CPU.Build.0 = Release|Any CPU
		{5F10F0EC-CFE6-4ED7-A021-753F3AD08813}.Debug|Any CPU.ActiveCfg = Debug|Any CPU
		{5F10F0EC-CFE6-4ED7-A021-753F3AD08813}.Debug|Any CPU.Build.0 = Debug|Any CPU
		{5F10F0EC-CFE6-4ED7-A021-753F3AD08813}.Release|Any CPU.ActiveCfg = Release|Any CPU
		{5F10F0EC-CFE6-4ED7-A021-753F3AD08813}.Release|Any CPU.Build.0 = Release|Any CPU
		{8A8AD623-A13B-4E9A-AA9D-0FE7C971A85E}.Debug|Any CPU.ActiveCfg = Debug|Any CPU
		{8A8AD623-A13B-4E9A-AA9D-0FE7C971A85E}.Debug|Any CPU.Build.0 = Debug|Any CPU
		{8A8AD623-A13B-4E9A-AA9D-0FE7C971A85E}.Release|Any CPU.ActiveCfg = Release|Any CPU
		{8A8AD623-A13B-4E9A-AA9D-0FE7C971A85E}.Release|Any CPU.Build.0 = Release|Any CPU
		{1D5159AC-6A9D-4A95-A63C-A81E8669519F}.Debug|Any CPU.ActiveCfg = Debug|Any CPU
		{1D5159AC-6A9D-4A95-A63C-A81E8669519F}.Debug|Any CPU.Build.0 = Debug|Any CPU
		{1D5159AC-6A9D-4A95-A63C-A81E8669519F}.Release|Any CPU.ActiveCfg = Release|Any CPU
		{1D5159AC-6A9D-4A95-A63C-A81E8669519F}.Release|Any CPU.Build.0 = Release|Any CPU
		{7D5FE348-ABF0-498E-A24A-B5EA23DB1B9A}.Debug|Any CPU.ActiveCfg = Debug|Any CPU
		{7D5FE348-ABF0-498E-A24A-B5EA23DB1B9A}.Debug|Any CPU.Build.0 = Debug|Any CPU
		{7D5FE348-ABF0-498E-A24A-B5EA23DB1B9A}.Release|Any CPU.ActiveCfg = Release|Any CPU
		{7D5FE348-ABF0-498E-A24A-B5EA23DB1B9A}.Release|Any CPU.Build.0 = Release|Any CPU
		{337EAEE4-7000-4DD7-B225-AB28C1508A9C}.Debug|Any CPU.ActiveCfg = Debug|Any CPU
		{337EAEE4-7000-4DD7-B225-AB28C1508A9C}.Debug|Any CPU.Build.0 = Debug|Any CPU
		{337EAEE4-7000-4DD7-B225-AB28C1508A9C}.Release|Any CPU.ActiveCfg = Release|Any CPU
		{337EAEE4-7000-4DD7-B225-AB28C1508A9C}.Release|Any CPU.Build.0 = Release|Any CPU
		{4D887B0F-815B-465F-A22D-2F4638412823}.Debug|Any CPU.ActiveCfg = Debug|Any CPU
		{4D887B0F-815B-465F-A22D-2F4638412823}.Debug|Any CPU.Build.0 = Debug|Any CPU
		{4D887B0F-815B-465F-A22D-2F4638412823}.Release|Any CPU.ActiveCfg = Release|Any CPU
		{4D887B0F-815B-465F-A22D-2F4638412823}.Release|Any CPU.Build.0 = Release|Any CPU
		{DAE4856D-255F-4ECF-BAD5-5835B0DE8DA6}.Debug|Any CPU.ActiveCfg = Debug|Any CPU
		{DAE4856D-255F-4ECF-BAD5-5835B0DE8DA6}.Debug|Any CPU.Build.0 = Debug|Any CPU
		{DAE4856D-255F-4ECF-BAD5-5835B0DE8DA6}.Release|Any CPU.ActiveCfg = Release|Any CPU
		{DAE4856D-255F-4ECF-BAD5-5835B0DE8DA6}.Release|Any CPU.Build.0 = Release|Any CPU
		{5C398022-660F-42A9-8A1B-DF9124068144}.Debug|Any CPU.ActiveCfg = Debug|Any CPU
		{5C398022-660F-42A9-8A1B-DF9124068144}.Debug|Any CPU.Build.0 = Debug|Any CPU
		{5C398022-660F-42A9-8A1B-DF9124068144}.Release|Any CPU.ActiveCfg = Release|Any CPU
		{5C398022-660F-42A9-8A1B-DF9124068144}.Release|Any CPU.Build.0 = Release|Any CPU
		{AE05FF29-D0A9-441E-A173-AB7A32EB7D38}.Debug|Any CPU.ActiveCfg = Debug|Any CPU
		{AE05FF29-D0A9-441E-A173-AB7A32EB7D38}.Debug|Any CPU.Build.0 = Debug|Any CPU
		{AE05FF29-D0A9-441E-A173-AB7A32EB7D38}.Release|Any CPU.ActiveCfg = Release|Any CPU
		{AE05FF29-D0A9-441E-A173-AB7A32EB7D38}.Release|Any CPU.Build.0 = Release|Any CPU
	EndGlobalSection
	GlobalSection(SolutionProperties) = preSolution
		HideSolutionNode = FALSE
	EndGlobalSection
	GlobalSection(ExtensibilityGlobals) = postSolution
		SolutionGuid = {9FCC9AB4-D2C8-400E-BD2C-EE66826EBB82}
	EndGlobalSection
EndGlobal
